{
  "pins" : [
    {
      "identity" : "gpupixellib",
      "kind" : "remoteSourceControl",
      "location" : "https://github.com/motian30/GPUPixelLib.git",
      "state" : {
        "revision" : "6b3b2cbd708a42394fa1e5609df4ce7ff080f17d",
        "version" : "1.0.1"
      }
    },
    {
      "identity" : "gzipswift",
      "kind" : "remoteSourceControl",
      "location" : "https://github.com/1024jp/GzipSwift",
      "state" : {
        "revision" : "56bf51fdd2fe4b2cf254b2cf34aede3d7caccc6c",
        "version" : "6.1.0"
      }
    },
    {
      "identity" : "starscream",
      "kind" : "remoteSourceControl",
      "location" : "https://github.com/daltoniam/Starscream.git",
      "state" : {
        "revision" : "c6bfd1af48efcc9a9ad203665db12375ba6b145a",
        "version" : "4.0.8"
      }
    },
    {
      "identity" : "swift-protobuf",
      "kind" : "remoteSourceControl",
      "location" : "https://github.com/apple/swift-protobuf.git",
      "state" : {
        "revision" : "ebc7251dd5b37f627c93698e4374084d98409633",
        "version" : "1.28.2"
      }
    },
    {
      "identity" : "webrtc",
      "kind" : "remoteSourceControl",
      "location" : "https://github.com/stasel/WebRTC",
      "state" : {
        "revision" : "6000edd3e2d95f8ce95bc9bd677e3acef31a7710",
        "version" : "132.0.0"
      }
    }
  ],
  "version" : 2
}
